// !$*UTF8*$!
{
	archiveVersion = 1;
	classes = {
	};
	objectVersion = 51;
	objects = {

/* Begin PBXBuildFile section */
		040BFC6626E3B05A00541EF6 /* TodoListApp.swift in Sources */ = {isa = PBXBuildFile; fileRef = 040BFC6526E3B05A00541EF6 /* TodoListApp.swift */; };
		040BFC6A26E3B05E00541EF6 /* Assets.xcassets in Resources */ = {isa = PBXBuildFile; fileRef = 040BFC6926E3B05E00541EF6 /* Assets.xcassets */; };
		040BFC6D26E3B05E00541EF6 /* Preview Assets.xcassets in Resources */ = {isa = PBXBuildFile; fileRef = 040BFC6C26E3B05E00541EF6 /* Preview Assets.xcassets */; };
		040BFC7626E3B57C00541EF6 /* ListView.swift in Sources */ = {isa = PBXBuildFile; fileRef = 040BFC7526E3B57C00541EF6 /* ListView.swift */; };
		040BFC7826E45A6700541EF6 /* ListRowView.swift in Sources */ = {isa = PBXBuildFile; fileRef = 040BFC7726E45A6700541EF6 /* ListRowView.swift */; };
		0474918226E4B36A00B3AF1E /* ItemModel.swift in Sources */ = {isa = PBXBuildFile; fileRef = 0474918126E4B36A00B3AF1E /* ItemModel.swift */; };
		0474918526E70B5200B3AF1E /* ListViewModel.swift in Sources */ = {isa = PBXBuildFile; fileRef = 0474918426E70B5200B3AF1E /* ListViewModel.swift */; };
		0474918726E85C1F00B3AF1E /* NoItemView.swift in Sources */ = {isa = PBXBuildFile; fileRef = 0474918626E85C1F00B3AF1E /* NoItemView.swift */; };
		0474918B26E8B36000B3AF1E /* LauchScreen.storyboard in Resources */ = {isa = PBXBuildFile; fileRef = 0474918A26E8B36000B3AF1E /* LauchScreen.storyboard */; };
		0474918F26E8F49400B3AF1E /* LoginView.swift in Sources */ = {isa = PBXBuildFile; fileRef = 0474918E26E8F49400B3AF1E /* LoginView.swift */; };
		04775AA226EAF62900FF41E9 /* LoginViewModel.swift in Sources */ = {isa = PBXBuildFile; fileRef = 04775AA126EAF62900FF41E9 /* LoginViewModel.swift */; };
		04775AA426EAF8CD00FF41E9 /* GoogleService-Info.plist in Resources */ = {isa = PBXBuildFile; fileRef = 04775AA326EAF8CD00FF41E9 /* GoogleService-Info.plist */; };
		04775AA626EAF9EB00FF41E9 /* UserModel.swift in Sources */ = {isa = PBXBuildFile; fileRef = 04775AA526EAF9EB00FF41E9 /* UserModel.swift */; };
		04775AA826EB528A00FF41E9 /* MainView.swift in Sources */ = {isa = PBXBuildFile; fileRef = 04775AA726EB528A00FF41E9 /* MainView.swift */; };
		04E926A126E46817001C3A2E /* AddView.swift in Sources */ = {isa = PBXBuildFile; fileRef = 04E926A026E46817001C3A2E /* AddView.swift */; };
		B13E2D5236B2FDE272309299 /* Pods_TodoList.framework in Frameworks */ = {isa = PBXBuildFile; fileRef = B2A3C3683802790D90D840CB /* Pods_TodoList.framework */; };
/* End PBXBuildFile section */

/* Begin PBXFileReference section */
		040BFC6226E3B05900541EF6 /* TodoList.app */ = {isa = PBXFileReference; explicitFileType = wrapper.application; includeInIndex = 0; path = TodoList.app; sourceTree = BUILT_PRODUCTS_DIR; };
		040BFC6526E3B05A00541EF6 /* TodoListApp.swift */ = {isa = PBXFileReference; lastKnownFileType = sourcecode.swift; path = TodoListApp.swift; sourceTree = "<group>"; };
		040BFC6926E3B05E00541EF6 /* Assets.xcassets */ = {isa = PBXFileReference; lastKnownFileType = folder.assetcatalog; path = Assets.xcassets; sourceTree = "<group>"; };
		040BFC6C26E3B05E00541EF6 /* Preview Assets.xcassets */ = {isa = PBXFileReference; lastKnownFileType = folder.assetcatalog; path = "Preview Assets.xcassets"; sourceTree = "<group>"; };
		040BFC6E26E3B05E00541EF6 /* Info.plist */ = {isa = PBXFileReference; lastKnownFileType = text.plist.xml; path = Info.plist; sourceTree = "<group>"; };
		040BFC7526E3B57C00541EF6 /* ListView.swift */ = {isa = PBXFileReference; lastKnownFileType = sourcecode.swift; path = ListView.swift; sourceTree = "<group>"; };
		040BFC7726E45A6700541EF6 /* ListRowView.swift */ = {isa = PBXFileReference; lastKnownFileType = sourcecode.swift; path = ListRowView.swift; sourceTree = "<group>"; };
		0474918126E4B36A00B3AF1E /* ItemModel.swift */ = {isa = PBXFileReference; lastKnownFileType = sourcecode.swift; path = ItemModel.swift; sourceTree = "<group>"; };
		0474918426E70B5200B3AF1E /* ListViewModel.swift */ = {isa = PBXFileReference; lastKnownFileType = sourcecode.swift; path = ListViewModel.swift; sourceTree = "<group>"; };
		0474918626E85C1F00B3AF1E /* NoItemView.swift */ = {isa = PBXFileReference; lastKnownFileType = sourcecode.swift; path = NoItemView.swift; sourceTree = "<group>"; };
		0474918A26E8B36000B3AF1E /* LauchScreen.storyboard */ = {isa = PBXFileReference; lastKnownFileType = file.storyboard; path = LauchScreen.storyboard; sourceTree = "<group>"; };
		0474918E26E8F49400B3AF1E /* LoginView.swift */ = {isa = PBXFileReference; lastKnownFileType = sourcecode.swift; path = LoginView.swift; sourceTree = "<group>"; };
		04775AA126EAF62900FF41E9 /* LoginViewModel.swift */ = {isa = PBXFileReference; lastKnownFileType = sourcecode.swift; path = LoginViewModel.swift; sourceTree = "<group>"; };
		04775AA326EAF8CD00FF41E9 /* GoogleService-Info.plist */ = {isa = PBXFileReference; fileEncoding = 4; lastKnownFileType = text.plist.xml; path = "GoogleService-Info.plist"; sourceTree = "<group>"; };
		04775AA526EAF9EB00FF41E9 /* UserModel.swift */ = {isa = PBXFileReference; lastKnownFileType = sourcecode.swift; path = UserModel.swift; sourceTree = "<group>"; };
		04775AA726EB528A00FF41E9 /* MainView.swift */ = {isa = PBXFileReference; lastKnownFileType = sourcecode.swift; path = MainView.swift; sourceTree = "<group>"; };
		04E926A026E46817001C3A2E /* AddView.swift */ = {isa = PBXFileReference; lastKnownFileType = sourcecode.swift; path = AddView.swift; sourceTree = "<group>"; };
		45726FFBFDAFF0F639CE59D3 /* Pods-TodoList.debug.xcconfig */ = {isa = PBXFileReference; includeInIndex = 1; lastKnownFileType = text.xcconfig; name = "Pods-TodoList.debug.xcconfig"; path = "Target Support Files/Pods-TodoList/Pods-TodoList.debug.xcconfig"; sourceTree = "<group>"; };
		57A3706A2C029B5F39D39DB7 /* Pods-TodoList.release.xcconfig */ = {isa = PBXFileReference; includeInIndex = 1; lastKnownFileType = text.xcconfig; name = "Pods-TodoList.release.xcconfig"; path = "Target Support Files/Pods-TodoList/Pods-TodoList.release.xcconfig"; sourceTree = "<group>"; };
		B2A3C3683802790D90D840CB /* Pods_TodoList.framework */ = {isa = PBXFileReference; explicitFileType = wrapper.framework; includeInIndex = 0; path = Pods_TodoList.framework; sourceTree = BUILT_PRODUCTS_DIR; };
/* End PBXFileReference section */

/* Begin PBXFrameworksBuildPhase section */
		040BFC5F26E3B05900541EF6 /* Frameworks */ = {
			isa = PBXFrameworksBuildPhase;
			buildActionMask = 2147483647;
			files = (
				B13E2D5236B2FDE272309299 /* Pods_TodoList.framework in Frameworks */,
			);
			runOnlyForDeploymentPostprocessing = 0;
		};
/* End PBXFrameworksBuildPhase section */

/* Begin PBXGroup section */
		040BFC5926E3B05900541EF6 = {
			isa = PBXGroup;
			children = (
				040BFC6426E3B05A00541EF6 /* TodoList */,
				040BFC6326E3B05900541EF6 /* Products */,
				A03DDE1F9096CFF44B0C479F /* Pods */,
				049176D64B5A51E2187EB016 /* Frameworks */,
			);
			sourceTree = "<group>";
		};
		040BFC6326E3B05900541EF6 /* Products */ = {
			isa = PBXGroup;
			children = (
				040BFC6226E3B05900541EF6 /* TodoList.app */,
			);
			name = Products;
			sourceTree = "<group>";
		};
		040BFC6426E3B05A00541EF6 /* TodoList */ = {
			isa = PBXGroup;
			children = (
				0474918326E70B1A00B3AF1E /* ViewModels */,
				0474918026E4B34300B3AF1E /* Models */,
				040BFC7426E3B55600541EF6 /* Views */,
				040BFC6526E3B05A00541EF6 /* TodoListApp.swift */,
				040BFC6926E3B05E00541EF6 /* Assets.xcassets */,
				040BFC6E26E3B05E00541EF6 /* Info.plist */,
				04775AA326EAF8CD00FF41E9 /* GoogleService-Info.plist */,
				040BFC6B26E3B05E00541EF6 /* Preview Content */,
			);
			path = TodoList;
			sourceTree = "<group>";
		};
		040BFC6B26E3B05E00541EF6 /* Preview Content */ = {
			isa = PBXGroup;
			children = (
				040BFC6C26E3B05E00541EF6 /* Preview Assets.xcassets */,
			);
			path = "Preview Content";
			sourceTree = "<group>";
		};
		040BFC7426E3B55600541EF6 /* Views */ = {
			isa = PBXGroup;
			children = (
				040BFC7526E3B57C00541EF6 /* ListView.swift */,
				040BFC7726E45A6700541EF6 /* ListRowView.swift */,
				04E926A026E46817001C3A2E /* AddView.swift */,
				0474918626E85C1F00B3AF1E /* NoItemView.swift */,
				0474918A26E8B36000B3AF1E /* LauchScreen.storyboard */,
				0474918E26E8F49400B3AF1E /* LoginView.swift */,
				04775AA726EB528A00FF41E9 /* MainView.swift */,
			);
			path = Views;
			sourceTree = "<group>";
		};
		0474918026E4B34300B3AF1E /* Models */ = {
			isa = PBXGroup;
			children = (
				0474918126E4B36A00B3AF1E /* ItemModel.swift */,
				04775AA526EAF9EB00FF41E9 /* UserModel.swift */,
			);
			path = Models;
			sourceTree = "<group>";
		};
		0474918326E70B1A00B3AF1E /* ViewModels */ = {
			isa = PBXGroup;
			children = (
				0474918426E70B5200B3AF1E /* ListViewModel.swift */,
				04775AA126EAF62900FF41E9 /* LoginViewModel.swift */,
			);
			path = ViewModels;
			sourceTree = "<group>";
		};
		049176D64B5A51E2187EB016 /* Frameworks */ = {
			isa = PBXGroup;
			children = (
				B2A3C3683802790D90D840CB /* Pods_TodoList.framework */,
			);
			name = Frameworks;
			sourceTree = "<group>";
		};
		A03DDE1F9096CFF44B0C479F /* Pods */ = {
			isa = PBXGroup;
			children = (
				45726FFBFDAFF0F639CE59D3 /* Pods-TodoList.debug.xcconfig */,
				57A3706A2C029B5F39D39DB7 /* Pods-TodoList.release.xcconfig */,
			);
			path = Pods;
			sourceTree = "<group>";
		};
/* End PBXGroup section */

/* Begin PBXNativeTarget section */
		040BFC6126E3B05900541EF6 /* TodoList */ = {
			isa = PBXNativeTarget;
			buildConfigurationList = 040BFC7126E3B05E00541EF6 /* Build configuration list for PBXNativeTarget "TodoList" */;
			buildPhases = (
				C83E855EDD4AEA7B3A87C6F0 /* [CP] Check Pods Manifest.lock */,
				040BFC5E26E3B05900541EF6 /* Sources */,
				040BFC5F26E3B05900541EF6 /* Frameworks */,
				040BFC6026E3B05900541EF6 /* Resources */,
				875F25BBA2B6A0F0EE586583 /* [CP] Embed Pods Frameworks */,
			);
			buildRules = (
			);
			dependencies = (
			);
			name = TodoList;
			productName = TodoList;
			productReference = 040BFC6226E3B05900541EF6 /* TodoList.app */;
			productType = "com.apple.product-type.application";
		};
/* End PBXNativeTarget section */

/* Begin PBXProject section */
		040BFC5A26E3B05900541EF6 /* Project object */ = {
			isa = PBXProject;
			attributes = {
				LastSwiftUpdateCheck = 1250;
				LastUpgradeCheck = 1250;
				TargetAttributes = {
					040BFC6126E3B05900541EF6 = {
						CreatedOnToolsVersion = 12.5.1;
					};
				};
			};
			buildConfigurationList = 040BFC5D26E3B05900541EF6 /* Build configuration list for PBXProject "TodoList" */;
			compatibilityVersion = "Xcode 9.3";
			developmentRegion = en;
			hasScannedForEncodings = 0;
			knownRegions = (
				en,
				Base,
			);
			mainGroup = 040BFC5926E3B05900541EF6;
			productRefGroup = 040BFC6326E3B05900541EF6 /* Products */;
			projectDirPath = "";
			projectRoot = "";
			targets = (
				040BFC6126E3B05900541EF6 /* TodoList */,
			);
		};
/* End PBXProject section */

/* Begin PBXResourcesBuildPhase section */
		040BFC6026E3B05900541EF6 /* Resources */ = {
			isa = PBXResourcesBuildPhase;
			buildActionMask = 2147483647;
			files = (
				0474918B26E8B36000B3AF1E /* LauchScreen.storyboard in Resources */,
				04775AA426EAF8CD00FF41E9 /* GoogleService-Info.plist in Resources */,
				040BFC6D26E3B05E00541EF6 /* Preview Assets.xcassets in Resources */,
				040BFC6A26E3B05E00541EF6 /* Assets.xcassets in Resources */,
			);
			runOnlyForDeploymentPostprocessing = 0;
		};
/* End PBXResourcesBuildPhase section */

/* Begin PBXShellScriptBuildPhase section */
		875F25BBA2B6A0F0EE586583 /* [CP] Embed Pods Frameworks */ = {
			isa = PBXShellScriptBuildPhase;
			buildActionMask = 2147483647;
			files = (
			);
			inputFileListPaths = (
				"${PODS_ROOT}/Target Support Files/Pods-TodoList/Pods-TodoList-frameworks-${CONFIGURATION}-input-files.xcfilelist",
			);
			name = "[CP] Embed Pods Frameworks";
			outputFileListPaths = (
				"${PODS_ROOT}/Target Support Files/Pods-TodoList/Pods-TodoList-frameworks-${CONFIGURATION}-output-files.xcfilelist",
			);
			runOnlyForDeploymentPostprocessing = 0;
			shellPath = /bin/sh;
			shellScript = "\"${PODS_ROOT}/Target Support Files/Pods-TodoList/Pods-TodoList-frameworks.sh\"\n";
			showEnvVarsInLog = 0;
		};
		C83E855EDD4AEA7B3A87C6F0 /* [CP] Check Pods Manifest.lock */ = {
			isa = PBXShellScriptBuildPhase;
			buildActionMask = 2147483647;
			files = (
			);
			inputFileListPaths = (
			);
			inputPaths = (
				"${PODS_PODFILE_DIR_PATH}/Podfile.lock",
				"${PODS_ROOT}/Manifest.lock",
			);
			name = "[CP] Check Pods Manifest.lock";
			outputFileListPaths = (
			);
			outputPaths = (
				"$(DERIVED_FILE_DIR)/Pods-TodoList-checkManifestLockResult.txt",
			);
			runOnlyForDeploymentPostprocessing = 0;
			shellPath = /bin/sh;
			shellScript = "diff \"${PODS_PODFILE_DIR_PATH}/Podfile.lock\" \"${PODS_ROOT}/Manifest.lock\" > /dev/null\nif [ $? != 0 ] ; then\n    # print error to STDERR\n    echo \"error: The sandbox is not in sync with the Podfile.lock. Run 'pod install' or update your CocoaPods installation.\" >&2\n    exit 1\nfi\n# This output is used by Xcode 'outputs' to avoid re-running this script phase.\necho \"SUCCESS\" > \"${SCRIPT_OUTPUT_FILE_0}\"\n";
			showEnvVarsInLog = 0;
		};
/* End PBXShellScriptBuildPhase section */

/* Begin PBXSourcesBuildPhase section */
		040BFC5E26E3B05900541EF6 /* Sources */ = {
			isa = PBXSourcesBuildPhase;
			buildActionMask = 2147483647;
			files = (
				0474918226E4B36A00B3AF1E /* ItemModel.swift in Sources */,
				0474918726E85C1F00B3AF1E /* NoItemView.swift in Sources */,
				04E926A126E46817001C3A2E /* AddView.swift in Sources */,
				0474918526E70B5200B3AF1E /* ListViewModel.swift in Sources */,
				040BFC6626E3B05A00541EF6 /* TodoListApp.swift in Sources */,
				040BFC7626E3B57C00541EF6 /* ListView.swift in Sources */,
				0474918F26E8F49400B3AF1E /* LoginView.swift in Sources */,
				04775AA826EB528A00FF41E9 /* MainView.swift in Sources */,
				040BFC7826E45A6700541EF6 /* ListRowView.swift in Sources */,
				04775AA626EAF9EB00FF41E9 /* UserModel.swift in Sources */,
				04775AA226EAF62900FF41E9 /* LoginViewModel.swift in Sources */,
			);
			runOnlyForDeploymentPostprocessing = 0;
		};
/* End PBXSourcesBuildPhase section */

/* Begin XCBuildConfiguration section */
		040BFC6F26E3B05E00541EF6 /* Debug */ = {
			isa = XCBuildConfiguration;
			buildSettings = {
				ALWAYS_SEARCH_USER_PATHS = NO;
				CLANG_ANALYZER_NONNULL = YES;
				CLANG_ANALYZER_NUMBER_OBJECT_CONVERSION = YES_AGGRESSIVE;
				CLANG_CXX_LANGUAGE_STANDARD = "gnu++14";
				CLANG_CXX_LIBRARY = "libc++";
				CLANG_ENABLE_MODULES = YES;
				CLANG_ENABLE_OBJC_ARC = YES;
				CLANG_ENABLE_OBJC_WEAK = YES;
				CLANG_WARN_BLOCK_CAPTURE_AUTORELEASING = YES;
				CLANG_WARN_BOOL_CONVERSION = YES;
				CLANG_WARN_COMMA = YES;
				CLANG_WARN_CONSTANT_CONVERSION = YES;
				CLANG_WARN_DEPRECATED_OBJC_IMPLEMENTATIONS = YES;
				CLANG_WARN_DIRECT_OBJC_ISA_USAGE = YES_ERROR;
				CLANG_WARN_DOCUMENTATION_COMMENTS = YES;
				CLANG_WARN_EMPTY_BODY = YES;
				CLANG_WARN_ENUM_CONVERSION = YES;
				CLANG_WARN_INFINITE_RECURSION = YES;
				CLANG_WARN_INT_CONVERSION = YES;
				CLANG_WARN_NON_LITERAL_NULL_CONVERSION = YES;
				CLANG_WARN_OBJC_IMPLICIT_RETAIN_SELF = YES;
				CLANG_WARN_OBJC_LITERAL_CONVERSION = YES;
				CLANG_WARN_OBJC_ROOT_CLASS = YES_ERROR;
				CLANG_WARN_QUOTED_INCLUDE_IN_FRAMEWORK_HEADER = YES;
				CLANG_WARN_RANGE_LOOP_ANALYSIS = YES;
				CLANG_WARN_STRICT_PROTOTYPES = YES;
				CLANG_WARN_SUSPICIOUS_MOVE = YES;
				CLANG_WARN_UNGUARDED_AVAILABILITY = YES_AGGRESSIVE;
				CLANG_WARN_UNREACHABLE_CODE = YES;
				CLANG_WARN__DUPLICATE_METHOD_MATCH = YES;
				COPY_PHASE_STRIP = NO;
				DEBUG_INFORMATION_FORMAT = dwarf;
				ENABLE_STRICT_OBJC_MSGSEND = YES;
				ENABLE_TESTABILITY = YES;
				GCC_C_LANGUAGE_STANDARD = gnu11;
				GCC_DYNAMIC_NO_PIC = NO;
				GCC_NO_COMMON_BLOCKS = YES;
				GCC_OPTIMIZATION_LEVEL = 0;
				GCC_PREPROCESSOR_DEFINITIONS = (
					"DEBUG=1",
					"$(inherited)",
				);
				GCC_WARN_64_TO_32_BIT_CONVERSION = YES;
				GCC_WARN_ABOUT_RETURN_TYPE = YES_ERROR;
				GCC_WARN_UNDECLARED_SELECTOR = YES;
				GCC_WARN_UNINITIALIZED_AUTOS = YES_AGGRESSIVE;
				GCC_WARN_UNUSED_FUNCTION = YES;
				GCC_WARN_UNUSED_VARIABLE = YES;
				IPHONEOS_DEPLOYMENT_TARGET = 14.5;
				MTL_ENABLE_DEBUG_INFO = INCLUDE_SOURCE;
				MTL_FAST_MATH = YES;
				ONLY_ACTIVE_ARCH = YES;
				SDKROOT = iphoneos;
				SWIFT_ACTIVE_COMPILATION_CONDITIONS = DEBUG;
				SWIFT_OPTIMIZATION_LEVEL = "-Onone";
			};
			name = Debug;
		};
		040BFC7026E3B05E00541EF6 /* Release */ = {
			isa = XCBuildConfiguration;
			buildSettings = {
				ALWAYS_SEARCH_USER_PATHS = NO;
				CLANG_ANALYZER_NONNULL = YES;
				CLANG_ANALYZER_NUMBER_OBJECT_CONVERSION = YES_AGGRESSIVE;
				CLANG_CXX_LANGUAGE_STANDARD = "gnu++14";
				CLANG_CXX_LIBRARY = "libc++";
				CLANG_ENABLE_MODULES = YES;
				CLANG_ENABLE_OBJC_ARC = YES;
				CLANG_ENABLE_OBJC_WEAK = YES;
				CLANG_WARN_BLOCK_CAPTURE_AUTORELEASING = YES;
				CLANG_WARN_BOOL_CONVERSION = YES;
				CLANG_WARN_COMMA = YES;
				CLANG_WARN_CONSTANT_CONVERSION = YES;
				CLANG_WARN_DEPRECATED_OBJC_IMPLEMENTATIONS = YES;
				CLANG_WARN_DIRECT_OBJC_ISA_USAGE = YES_ERROR;
				CLANG_WARN_DOCUMENTATION_COMMENTS = YES;
				CLANG_WARN_EMPTY_BODY = YES;
				CLANG_WARN_ENUM_CONVERSION = YES;
				CLANG_WARN_INFINITE_RECURSION = YES;
				CLANG_WARN_INT_CONVERSION = YES;
				CLANG_WARN_NON_LITERAL_NULL_CONVERSION = YES;
				CLANG_WARN_OBJC_IMPLICIT_RETAIN_SELF = YES;
				CLANG_WARN_OBJC_LITERAL_CONVERSION = YES;
				CLANG_WARN_OBJC_ROOT_CLASS = YES_ERROR;
				CLANG_WARN_QUOTED_INCLUDE_IN_FRAMEWORK_HEADER = YES;
				CLANG_WARN_RANGE_LOOP_ANALYSIS = YES;
				CLANG_WARN_STRICT_PROTOTYPES = YES;
				CLANG_WARN_SUSPICIOUS_MOVE = YES;
				CLANG_WARN_UNGUARDED_AVAILABILITY = YES_AGGRESSIVE;
				CLANG_WARN_UNREACHABLE_CODE = YES;
				CLANG_WARN__DUPLICATE_METHOD_MATCH = YES;
				COPY_PHASE_STRIP = NO;
				DEBUG_INFORMATION_FORMAT = "dwarf-with-dsym";
				ENABLE_NS_ASSERTIONS = NO;
				ENABLE_STRICT_OBJC_MSGSEND = YES;
				GCC_C_LANGUAGE_STANDARD = gnu11;
				GCC_NO_COMMON_BLOCKS = YES;
				GCC_WARN_64_TO_32_BIT_CONVERSION = YES;
				GCC_WARN_ABOUT_RETURN_TYPE = YES_ERROR;
				GCC_WARN_UNDECLARED_SELECTOR = YES;
				GCC_WARN_UNINITIALIZED_AUTOS = YES_AGGRESSIVE;
				GCC_WARN_UNUSED_FUNCTION = YES;
				GCC_WARN_UNUSED_VARIABLE = YES;
				IPHONEOS_DEPLOYMENT_TARGET = 14.5;
				MTL_ENABLE_DEBUG_INFO = NO;
				MTL_FAST_MATH = YES;
				SDKROOT = iphoneos;
				SWIFT_COMPILATION_MODE = wholemodule;
				SWIFT_OPTIMIZATION_LEVEL = "-O";
				VALIDATE_PRODUCT = YES;
			};
			name = Release;
		};
		040BFC7226E3B05E00541EF6 /* Debug */ = {
			isa = XCBuildConfiguration;
			baseConfigurationReference = 45726FFBFDAFF0F639CE59D3 /* Pods-TodoList.debug.xcconfig */;
			buildSettings = {
				ASSETCATALOG_COMPILER_APPICON_NAME = AppIcon;
				ASSETCATALOG_COMPILER_GLOBAL_ACCENT_COLOR_NAME = AccentColor;
				CODE_SIGN_STYLE = Automatic;
				DEVELOPMENT_ASSET_PATHS = "\"TodoList/Preview Content\"";
				ENABLE_PREVIEWS = YES;
				INFOPLIST_FILE = TodoList/Info.plist;
				IPHONEOS_DEPLOYMENT_TARGET = 14.0;
				LD_RUNPATH_SEARCH_PATHS = (
					"$(inherited)",
					"@executable_path/Frameworks",
				);
				PRODUCT_BUNDLE_IDENTIFIER = com.anhnd.TodoList;
				PRODUCT_NAME = "$(TARGET_NAME)";
				SWIFT_VERSION = 5.0;
				TARGETED_DEVICE_FAMILY = "1,2";
			};
			name = Debug;
		};
		040BFC7326E3B05E00541EF6 /* Release */ = {
			isa = XCBuildConfiguration;
			baseConfigurationReference = 57A3706A2C029B5F39D39DB7 /* Pods-TodoList.release.xcconfig */;
			buildSettings = {
				ASSETCATALOG_COMPILER_APPICON_NAME = AppIcon;
				ASSETCATALOG_COMPILER_GLOBAL_ACCENT_COLOR_NAME = AccentColor;
				CODE_SIGN_STYLE = Automatic;
				DEVELOPMENT_ASSET_PATHS = "\"TodoList/Preview Content\"";
				ENABLE_PREVIEWS = YES;
				INFOPLIST_FILE = TodoList/Info.plist;
				IPHONEOS_DEPLOYMENT_TARGET = 14.0;
				LD_RUNPATH_SEARCH_PATHS = (
					"$(inherited)",
					"@executable_path/Frameworks",
				);
				PRODUCT_BUNDLE_IDENTIFIER = com.anhnd.TodoList;
				PRODUCT_NAME = "$(TARGET_NAME)";
				SWIFT_VERSION = 5.0;
				TARGETED_DEVICE_FAMILY = "1,2";
			};
			name = Release;
		};
/* End XCBuildConfiguration section */

/* Begin XCConfigurationList section */
		040BFC5D26E3B05900541EF6 /* Build configuration list for PBXProject "TodoList" */ = {
			isa = XCConfigurationList;
			buildConfigurations = (
				040BFC6F26E3B05E00541EF6 /* Debug */,
				040BFC7026E3B05E00541EF6 /* Release */,
			);
			defaultConfigurationIsVisible = 0;
			defaultConfigurationName = Release;
		};
		040BFC7126E3B05E00541EF6 /* Build configuration list for PBXNativeTarget "TodoList" */ = {
			isa = XCConfigurationList;
			buildConfigurations = (
				040BFC7226E3B05E00541EF6 /* Debug */,
				040BFC7326E3B05E00541EF6 /* Release */,
			);
			defaultConfigurationIsVisible = 0;
			defaultConfigurationName = Release;
		};
/* End XCConfigurationList section */
	};
	rootObject = 040BFC5A26E3B05900541EF6 /* Project object */;
}
